
Microsoft Visual Studio Solution File, Format Version 12.00
Project("{FAE04EC0-301F-11D3-BF4B-00C04F79EFBC}") = "Oma.WndwCtrl.Core", "Oma.WndwCtrl.Core\Oma.WndwCtrl.Core.csproj", "{C9725629-7738-4073-A1D3-FF05A946EE60}"
EndProject
Project("{FAE04EC0-301F-11D3-BF4B-00C04F79EFBC}") = "Oma.WndwCtrl.Api", "Oma.WndwCtrl.Api\Oma.WndwCtrl.Api.csproj", "{346E400B-B76B-4594-87E3-D295161ECD34}"
EndProject
Project("{2150E333-8FDC-42A3-9474-1A3956D46DE8}") = "SolutionItems", "SolutionItems", "{FC063003-91F3-415C-AB68-D1C08337FAC2}"
	ProjectSection(SolutionItems) = preProject
		Directory.Packages.props = Directory.Packages.props
		Directory.Build.props = Directory.Build.props
	EndProjectSection
EndProject
Project("{FAE04EC0-301F-11D3-BF4B-00C04F79EFBC}") = "Oma.WndwCtrl.MgmtApi", "Oma.WndwCtrl.MgmtApi\Oma.WndwCtrl.MgmtApi.csproj", "{9A924F75-571C-44B4-803D-42B55B38304D}"
EndProject
Project("{FAE04EC0-301F-11D3-BF4B-00C04F79EFBC}") = "Oma.WndwCtrl.Abstractions", "Oma.WndwCtrl.Abstractions\Oma.WndwCtrl.Abstractions.csproj", "{8AD6ADE3-537D-448D-B01C-C711AEA4E46F}"
EndProject
Project("{FAE04EC0-301F-11D3-BF4B-00C04F79EFBC}") = "Oma.WndwCtrl.CoreAsp", "Oma.WndwCtrl.CoreAsp\Oma.WndwCtrl.CoreAsp.csproj", "{D6F7CFD5-0DA3-4BF6-BD10-AD093605AFAB}"
EndProject
Project("{2150E333-8FDC-42A3-9474-1A3956D46DE8}") = ".unitTests", ".unitTests", "{307F90ED-24AD-4725-960B-0A7AAFFE8C6D}"
EndProject
Project("{FAE04EC0-301F-11D3-BF4B-00C04F79EFBC}") = "Oma.WndwCtrl.Configuration", "Oma.WndwCtrl.Configuration\Oma.WndwCtrl.Configuration.csproj", "{59A5673B-4548-4B2A-B40F-04E34FF61291}"
EndProject
Project("{FAE04EC0-301F-11D3-BF4B-00C04F79EFBC}") = "Oma.WndwCtrl.Core.Tests", ".unitTests\Oma.WndwCtrl.Core.Tests\Oma.WndwCtrl.Core.Tests.csproj", "{E7217C2E-5C78-4106-977D-3091CFA63F43}"
EndProject
Project("{2150E333-8FDC-42A3-9474-1A3956D46DE8}") = "CommandLineOutputParser", "CommandLineOutputParser", "{662259BC-0801-4D5F-A0F9-9A0F56DC3DC2}"
EndProject
Project("{FAE04EC0-301F-11D3-BF4B-00C04F79EFBC}") = "Oma.WndwCtrl.CliOutputParser.Grammar", "Oma.CliOutputParser\Oma.WndwCtrl.CliOutputParser.Grammar\Oma.WndwCtrl.CliOutputParser.Grammar.csproj", "{940D2EB6-D160-4EB5-BE64-2C60D296FA7D}"
EndProject
Project("{FAE04EC0-301F-11D3-BF4B-00C04F79EFBC}") = "Oma.WndwCtrl.CliOutputParser", "Oma.CliOutputParser\Oma.WndwCtrl.CliOutputParser\Oma.WndwCtrl.CliOutputParser.csproj", "{8E048DF7-91E3-4794-B028-B48E3E8D6577}"
EndProject
Project("{FAE04EC0-301F-11D3-BF4B-00C04F79EFBC}") = "Oma.WndwCtrl.CliOutputParser.Tests", "Oma.WndwCtrl.CliOutputParser.Tests\Oma.WndwCtrl.CliOutputParser.Tests.csproj", "{9DE16AFD-961F-4A5F-86DC-332E67FA13CD}"
EndProject
Project("{2150E333-8FDC-42A3-9474-1A3956D46DE8}") = ".integrationTests", ".integrationTests", "{CB01FB73-6F61-43AA-81EB-C3A19BA74122}"
EndProject
Project("{FAE04EC0-301F-11D3-BF4B-00C04F79EFBC}") = "Oma.WndwCtrl.Api.IntegrationTests", ".integrationTests\Oma.WndwCtrl.Api.IntegrationTests\Oma.WndwCtrl.Api.IntegrationTests.csproj", "{F8585B59-62BF-47BB-BF7E-1FA14BA75A6D}"
EndProject
Project("{FAE04EC0-301F-11D3-BF4B-00C04F79EFBC}") = "Oma.WndwCtrl.FpCore", "Oma.WndwCtrl.FpCore\Oma.WndwCtrl.FpCore.csproj", "{70239D35-A10F-4890-BF2C-B0BFE0228C30}"
EndProject
Global
	GlobalSection(SolutionConfigurationPlatforms) = preSolution
		Debug|Any CPU = Debug|Any CPU
		Release|Any CPU = Release|Any CPU
	EndGlobalSection
	GlobalSection(ProjectConfigurationPlatforms) = postSolution
		{C9725629-7738-4073-A1D3-FF05A946EE60}.Debug|Any CPU.ActiveCfg = Debug|Any CPU
		{C9725629-7738-4073-A1D3-FF05A946EE60}.Debug|Any CPU.Build.0 = Debug|Any CPU
		{C9725629-7738-4073-A1D3-FF05A946EE60}.Release|Any CPU.ActiveCfg = Release|Any CPU
		{C9725629-7738-4073-A1D3-FF05A946EE60}.Release|Any CPU.Build.0 = Release|Any CPU
		{346E400B-B76B-4594-87E3-D295161ECD34}.Debug|Any CPU.ActiveCfg = Debug|Any CPU
		{346E400B-B76B-4594-87E3-D295161ECD34}.Debug|Any CPU.Build.0 = Debug|Any CPU
		{346E400B-B76B-4594-87E3-D295161ECD34}.Release|Any CPU.ActiveCfg = Release|Any CPU
		{346E400B-B76B-4594-87E3-D295161ECD34}.Release|Any CPU.Build.0 = Release|Any CPU
		{9A924F75-571C-44B4-803D-42B55B38304D}.Debug|Any CPU.ActiveCfg = Debug|Any CPU
		{9A924F75-571C-44B4-803D-42B55B38304D}.Debug|Any CPU.Build.0 = Debug|Any CPU
		{9A924F75-571C-44B4-803D-42B55B38304D}.Release|Any CPU.ActiveCfg = Release|Any CPU
		{9A924F75-571C-44B4-803D-42B55B38304D}.Release|Any CPU.Build.0 = Release|Any CPU
		{8AD6ADE3-537D-448D-B01C-C711AEA4E46F}.Debug|Any CPU.ActiveCfg = Debug|Any CPU
		{8AD6ADE3-537D-448D-B01C-C711AEA4E46F}.Debug|Any CPU.Build.0 = Debug|Any CPU
		{8AD6ADE3-537D-448D-B01C-C711AEA4E46F}.Release|Any CPU.ActiveCfg = Release|Any CPU
		{8AD6ADE3-537D-448D-B01C-C711AEA4E46F}.Release|Any CPU.Build.0 = Release|Any CPU
		{D6F7CFD5-0DA3-4BF6-BD10-AD093605AFAB}.Debug|Any CPU.ActiveCfg = Debug|Any CPU
		{D6F7CFD5-0DA3-4BF6-BD10-AD093605AFAB}.Debug|Any CPU.Build.0 = Debug|Any CPU
		{D6F7CFD5-0DA3-4BF6-BD10-AD093605AFAB}.Release|Any CPU.ActiveCfg = Release|Any CPU
		{D6F7CFD5-0DA3-4BF6-BD10-AD093605AFAB}.Release|Any CPU.Build.0 = Release|Any CPU
		{59A5673B-4548-4B2A-B40F-04E34FF61291}.Debug|Any CPU.ActiveCfg = Debug|Any CPU
		{59A5673B-4548-4B2A-B40F-04E34FF61291}.Debug|Any CPU.Build.0 = Debug|Any CPU
		{59A5673B-4548-4B2A-B40F-04E34FF61291}.Release|Any CPU.ActiveCfg = Release|Any CPU
		{59A5673B-4548-4B2A-B40F-04E34FF61291}.Release|Any CPU.Build.0 = Release|Any CPU
		{E7217C2E-5C78-4106-977D-3091CFA63F43}.Debug|Any CPU.ActiveCfg = Debug|Any CPU
		{E7217C2E-5C78-4106-977D-3091CFA63F43}.Debug|Any CPU.Build.0 = Debug|Any CPU
		{E7217C2E-5C78-4106-977D-3091CFA63F43}.Release|Any CPU.ActiveCfg = Release|Any CPU
		{E7217C2E-5C78-4106-977D-3091CFA63F43}.Release|Any CPU.Build.0 = Release|Any CPU
		{940D2EB6-D160-4EB5-BE64-2C60D296FA7D}.Debug|Any CPU.ActiveCfg = Debug|Any CPU
		{940D2EB6-D160-4EB5-BE64-2C60D296FA7D}.Debug|Any CPU.Build.0 = Debug|Any CPU
		{940D2EB6-D160-4EB5-BE64-2C60D296FA7D}.Release|Any CPU.ActiveCfg = Release|Any CPU
		{940D2EB6-D160-4EB5-BE64-2C60D296FA7D}.Release|Any CPU.Build.0 = Release|Any CPU
		{8E048DF7-91E3-4794-B028-B48E3E8D6577}.Debug|Any CPU.ActiveCfg = Debug|Any CPU
		{8E048DF7-91E3-4794-B028-B48E3E8D6577}.Debug|Any CPU.Build.0 = Debug|Any CPU
		{8E048DF7-91E3-4794-B028-B48E3E8D6577}.Release|Any CPU.ActiveCfg = Release|Any CPU
		{8E048DF7-91E3-4794-B028-B48E3E8D6577}.Release|Any CPU.Build.0 = Release|Any CPU
		{9DE16AFD-961F-4A5F-86DC-332E67FA13CD}.Debug|Any CPU.ActiveCfg = Debug|Any CPU
		{9DE16AFD-961F-4A5F-86DC-332E67FA13CD}.Debug|Any CPU.Build.0 = Debug|Any CPU
		{9DE16AFD-961F-4A5F-86DC-332E67FA13CD}.Release|Any CPU.ActiveCfg = Release|Any CPU
		{9DE16AFD-961F-4A5F-86DC-332E67FA13CD}.Release|Any CPU.Build.0 = Release|Any CPU
		{F8585B59-62BF-47BB-BF7E-1FA14BA75A6D}.Debug|Any CPU.ActiveCfg = Debug|Any CPU
		{F8585B59-62BF-47BB-BF7E-1FA14BA75A6D}.Debug|Any CPU.Build.0 = Debug|Any CPU
		{F8585B59-62BF-47BB-BF7E-1FA14BA75A6D}.Release|Any CPU.ActiveCfg = Release|Any CPU
		{F8585B59-62BF-47BB-BF7E-1FA14BA75A6D}.Release|Any CPU.Build.0 = Release|Any CPU
		{70239D35-A10F-4890-BF2C-B0BFE0228C30}.Debug|Any CPU.ActiveCfg = Debug|Any CPU
		{70239D35-A10F-4890-BF2C-B0BFE0228C30}.Debug|Any CPU.Build.0 = Debug|Any CPU
		{70239D35-A10F-4890-BF2C-B0BFE0228C30}.Release|Any CPU.ActiveCfg = Release|Any CPU
		{70239D35-A10F-4890-BF2C-B0BFE0228C30}.Release|Any CPU.Build.0 = Release|Any CPU
	EndGlobalSection
	GlobalSection(NestedProjects) = preSolution
		{E7217C2E-5C78-4106-977D-3091CFA63F43} = {307F90ED-24AD-4725-960B-0A7AAFFE8C6D}
		{940D2EB6-D160-4EB5-BE64-2C60D296FA7D} = {662259BC-0801-4D5F-A0F9-9A0F56DC3DC2}
		{8E048DF7-91E3-4794-B028-B48E3E8D6577} = {662259BC-0801-4D5F-A0F9-9A0F56DC3DC2}
		{9DE16AFD-961F-4A5F-86DC-332E67FA13CD} = {662259BC-0801-4D5F-A0F9-9A0F56DC3DC2}
		{F8585B59-62BF-47BB-BF7E-1FA14BA75A6D} = {CB01FB73-6F61-43AA-81EB-C3A19BA74122}
		{E7217C2E-5C78-4106-977D-3091CFA63F43} = {307F90ED-24AD-4725-960B-0A7AAFFE8C6D}
	EndGlobalSection
EndGlobal
